
Microsoft Visual Studio Solution File, Format Version 12.00
# Visual Studio 14
VisualStudioVersion = 14.0.23107.0
MinimumVisualStudioVersion = 10.0.40219.1
Project("{FAE04EC0-301F-11D3-BF4B-00C04F79EFBC}") = "IntegerNumbers", "IntegerNumbers\IntegerNumbers.csproj", "{7654C1AC-CBB6-4DD7-BDF7-44B9348308DC}"
EndProject
Project("{FAE04EC0-301F-11D3-BF4B-00C04F79EFBC}") = "ExchangeVariableValues", "ExchangeVariableValues\ExchangeVariableValues.csproj", "{46C16419-930C-4894-B6F1-122F8E928D85}"
EndProject
Global
	GlobalSection(SolutionConfigurationPlatforms) = preSolution
		Debug|Any CPU = Debug|Any CPU
		Release|Any CPU = Release|Any CPU
	EndGlobalSection
	GlobalSection(ProjectConfigurationPlatforms) = postSolution
		{7654C1AC-CBB6-4DD7-BDF7-44B9348308DC}.Debug|Any CPU.ActiveCfg = Debug|Any CPU
		{7654C1AC-CBB6-4DD7-BDF7-44B9348308DC}.Debug|Any CPU.Build.0 = Debug|Any CPU
		{7654C1AC-CBB6-4DD7-BDF7-44B9348308DC}.Release|Any CPU.ActiveCfg = Release|Any CPU
		{7654C1AC-CBB6-4DD7-BDF7-44B9348308DC}.Release|Any CPU.Build.0 = Release|Any CPU
		{46C16419-930C-4894-B6F1-122F8E928D85}.Debug|Any CPU.ActiveCfg = Debug|Any CPU
		{46C16419-930C-4894-B6F1-122F8E928D85}.Debug|Any CPU.Build.0 = Debug|Any CPU
		{46C16419-930C-4894-B6F1-122F8E928D85}.Release|Any CPU.ActiveCfg = Release|Any CPU
		{46C16419-930C-4894-B6F1-122F8E928D85}.Release|Any CPU.Build.0 = Release|Any CPU
	EndGlobalSection
	GlobalSection(SolutionProperties) = preSolution
		HideSolutionNode = FALSE
	EndGlobalSection
EndGlobal
